
Microsoft Visual Studio Solution File, Format Version 12.00
# Visual Studio 15
VisualStudioVersion = 15.0.28307.329
MinimumVisualStudioVersion = 10.0.40219.1
Project("{9A19103F-16F7-4668-BE54-9A1E7A4F7556}") = "ItemLib", "ItemLib\ItemLib.csproj", "{5E490E0B-4282-452D-AC5B-9CB749DE5138}"
EndProject
Project("{D954291E-2A0B-460D-934E-DC6B0785DB48}") = "Utilities", "Utilities\Utilities.shproj", "{6189BDE4-E024-4872-B6C3-B5CA2C4FCDE5}"
EndProject
Project("{9A19103F-16F7-4668-BE54-9A1E7A4F7556}") = "ItemLib.MonoMod", "..\ItemLib_MonoMod\ItemLib.MonoMod\ItemLib.MonoMod.csproj", "{38A1A7BD-C7BA-4899-9A97-99D41263C01D}"
EndProject
Global
	GlobalSection(SharedMSBuildProjectFiles) = preSolution
		Utilities\Utilities.projitems*{6189bde4-e024-4872-b6c3-b5ca2c4fcde5}*SharedItemsImports = 13
	EndGlobalSection
	GlobalSection(SolutionConfigurationPlatforms) = preSolution
		Debug|Any CPU = Debug|Any CPU
		Release|Any CPU = Release|Any CPU
	EndGlobalSection
	GlobalSection(ProjectConfigurationPlatforms) = postSolution
		{5E490E0B-4282-452D-AC5B-9CB749DE5138}.Debug|Any CPU.ActiveCfg = Debug|Any CPU
		{5E490E0B-4282-452D-AC5B-9CB749DE5138}.Debug|Any CPU.Build.0 = Debug|Any CPU
		{5E490E0B-4282-452D-AC5B-9CB749DE5138}.Release|Any CPU.ActiveCfg = Release|Any CPU
		{5E490E0B-4282-452D-AC5B-9CB749DE5138}.Release|Any CPU.Build.0 = Release|Any CPU
		{38A1A7BD-C7BA-4899-9A97-99D41263C01D}.Debug|Any CPU.ActiveCfg = Debug|Any CPU
		{38A1A7BD-C7BA-4899-9A97-99D41263C01D}.Debug|Any CPU.Build.0 = Debug|Any CPU
		{38A1A7BD-C7BA-4899-9A97-99D41263C01D}.Release|Any CPU.ActiveCfg = Release|Any CPU
		{38A1A7BD-C7BA-4899-9A97-99D41263C01D}.Release|Any CPU.Build.0 = Release|Any CPU
	EndGlobalSection
	GlobalSection(SolutionProperties) = preSolution
		HideSolutionNode = FALSE
	EndGlobalSection
	GlobalSection(ExtensibilityGlobals) = postSolution
		SolutionGuid = {3EF1BEF8-C0CD-4395-8F23-8863930147AB}
	EndGlobalSection
EndGlobal
